
Microsoft Visual Studio Solution File, Format Version 12.00
# Visual Studio Version 17
VisualStudioVersion = 17.5.33414.496
MinimumVisualStudioVersion = 10.0.40219.1
Project("{FAE04EC0-301F-11D3-BF4B-00C04F79EFBC}") = "atividadeapi", "atividadeapi\atividadeapi.csproj", "{D743B891-4726-4CD6-BB55-DFC3CCCECA54}"
EndProject
Global
	GlobalSection(SolutionConfigurationPlatforms) = preSolution
		Debug|Any CPU = Debug|Any CPU
		Release|Any CPU = Release|Any CPU
	EndGlobalSection
	GlobalSection(ProjectConfigurationPlatforms) = postSolution
		{D743B891-4726-4CD6-BB55-DFC3CCCECA54}.Debug|Any CPU.ActiveCfg = Debug|Any CPU
		{D743B891-4726-4CD6-BB55-DFC3CCCECA54}.Debug|Any CPU.Build.0 = Debug|Any CPU
		{D743B891-4726-4CD6-BB55-DFC3CCCECA54}.Release|Any CPU.ActiveCfg = Release|Any CPU
		{D743B891-4726-4CD6-BB55-DFC3CCCECA54}.Release|Any CPU.Build.0 = Release|Any CPU
	EndGlobalSection
	GlobalSection(SolutionProperties) = preSolution
		HideSolutionNode = FALSE
	EndGlobalSection
	GlobalSection(ExtensibilityGlobals) = postSolution
		SolutionGuid = {A9E7796D-EB9A-4B04-BF1E-0356325B063B}
	EndGlobalSection
EndGlobal
